// !$*UTF8*$!
{
	archiveVersion = 1;
	classes = {
	};
	objectVersion = 50;
	objects = {

/* Begin PBXBuildFile section */
		BC0AD533263D1C3E0063E2B6 /* InstructionViewController.swift in Sources */ = {isa = PBXBuildFile; fileRef = BC0AD532263D1C3E0063E2B6 /* InstructionViewController.swift */; };
		BC0AD53C263D2D430063E2B6 /* Expression.swift in Sources */ = {isa = PBXBuildFile; fileRef = BC0AD53B263D2D430063E2B6 /* Expression.swift */; };
		BC0AD53F263D2D9C0063E2B6 /* MainViewControl.swift in Sources */ = {isa = PBXBuildFile; fileRef = BC0AD53E263D2D9C0063E2B6 /* MainViewControl.swift */; };
		BC0AD544263D2E3A0063E2B6 /* Constants.swift in Sources */ = {isa = PBXBuildFile; fileRef = BC0AD543263D2E3A0063E2B6 /* Constants.swift */; };
		BC21704F263A5CEC00651C64 /* ResultViewController.swift in Sources */ = {isa = PBXBuildFile; fileRef = BC21704E263A5CEC00651C64 /* ResultViewController.swift */; };
		BC3048A8263DBFCD00B9B31C /* SettingViewController.swift in Sources */ = {isa = PBXBuildFile; fileRef = BC3048A7263DBFCD00B9B31C /* SettingViewController.swift */; };
		BC3048AD263DC12000B9B31C /* MainTimer.swift in Sources */ = {isa = PBXBuildFile; fileRef = BC3048AC263DC12000B9B31C /* MainTimer.swift */; };
		BC4CA3C32639A2E3002F5C87 /* BubbleShape.swift in Sources */ = {isa = PBXBuildFile; fileRef = BC4CA3C22639A2E3002F5C87 /* BubbleShape.swift */; };
		BC4CA3C72639AF1D002F5C87 /* MainControl.swift in Sources */ = {isa = PBXBuildFile; fileRef = BC4CA3C62639AF1D002F5C87 /* MainControl.swift */; };
		BC4CA3CA2639AF44002F5C87 /* SpeechRecognition.swift in Sources */ = {isa = PBXBuildFile; fileRef = BC4CA3C92639AF44002F5C87 /* SpeechRecognition.swift */; };
		BC4CA3CE2639AF4E002F5C87 /* FaceRecognition.swift in Sources */ = {isa = PBXBuildFile; fileRef = BC4CA3CD2639AF4E002F5C87 /* FaceRecognition.swift */; };
		BC70A5EB2638FD72003624FE /* WaveFormView.swift in Sources */ = {isa = PBXBuildFile; fileRef = BC70A5EA2638FD72003624FE /* WaveFormView.swift */; };
		BC9442F1263A678000D08FF0 /* MainInitialize.swift in Sources */ = {isa = PBXBuildFile; fileRef = BC9442F0263A678000D08FF0 /* MainInitialize.swift */; };
		BCAA01D02637B7C900A83C22 /* EmotionModel.mlmodel in Sources */ = {isa = PBXBuildFile; fileRef = BCAA01CF2637B7C900A83C22 /* EmotionModel.mlmodel */; };
		BCDBD7262637A58100072DB5 /* AppDelegate.swift in Sources */ = {isa = PBXBuildFile; fileRef = BCDBD7252637A58100072DB5 /* AppDelegate.swift */; };
		BCDBD7282637A58100072DB5 /* SceneDelegate.swift in Sources */ = {isa = PBXBuildFile; fileRef = BCDBD7272637A58100072DB5 /* SceneDelegate.swift */; };
		BCDBD72D2637A58100072DB5 /* Main.storyboard in Resources */ = {isa = PBXBuildFile; fileRef = BCDBD72B2637A58100072DB5 /* Main.storyboard */; };
		BCDBD72F2637A58200072DB5 /* Assets.xcassets in Resources */ = {isa = PBXBuildFile; fileRef = BCDBD72E2637A58200072DB5 /* Assets.xcassets */; };
		BCDBD7322637A58200072DB5 /* LaunchScreen.storyboard in Resources */ = {isa = PBXBuildFile; fileRef = BCDBD7302637A58200072DB5 /* LaunchScreen.storyboard */; };
		BCE711CD263A526C00DCEA75 /* UIButton+Extension.swift in Sources */ = {isa = PBXBuildFile; fileRef = BCE711CC263A526C00DCEA75 /* UIButton+Extension.swift */; };
/* End PBXBuildFile section */

/* Begin PBXFileReference section */
		BC0AD532263D1C3E0063E2B6 /* InstructionViewController.swift */ = {isa = PBXFileReference; lastKnownFileType = sourcecode.swift; path = InstructionViewController.swift; sourceTree = "<group>"; };
		BC0AD53B263D2D430063E2B6 /* Expression.swift */ = {isa = PBXFileReference; lastKnownFileType = sourcecode.swift; path = Expression.swift; sourceTree = "<group>"; };
		BC0AD53E263D2D9C0063E2B6 /* MainViewControl.swift */ = {isa = PBXFileReference; lastKnownFileType = sourcecode.swift; path = MainViewControl.swift; sourceTree = "<group>"; };
		BC0AD543263D2E3A0063E2B6 /* Constants.swift */ = {isa = PBXFileReference; lastKnownFileType = sourcecode.swift; path = Constants.swift; sourceTree = "<group>"; };
		BC21704E263A5CEC00651C64 /* ResultViewController.swift */ = {isa = PBXFileReference; lastKnownFileType = sourcecode.swift; path = ResultViewController.swift; sourceTree = "<group>"; };
		BC3048A7263DBFCD00B9B31C /* SettingViewController.swift */ = {isa = PBXFileReference; lastKnownFileType = sourcecode.swift; path = SettingViewController.swift; sourceTree = "<group>"; };
		BC3048AC263DC12000B9B31C /* MainTimer.swift */ = {isa = PBXFileReference; lastKnownFileType = sourcecode.swift; path = MainTimer.swift; sourceTree = "<group>"; };
		BC4CA3C22639A2E3002F5C87 /* BubbleShape.swift */ = {isa = PBXFileReference; lastKnownFileType = sourcecode.swift; path = BubbleShape.swift; sourceTree = "<group>"; };
		BC4CA3C62639AF1D002F5C87 /* MainControl.swift */ = {isa = PBXFileReference; lastKnownFileType = sourcecode.swift; path = MainControl.swift; sourceTree = "<group>"; };
		BC4CA3C92639AF44002F5C87 /* SpeechRecognition.swift */ = {isa = PBXFileReference; lastKnownFileType = sourcecode.swift; path = SpeechRecognition.swift; sourceTree = "<group>"; };
		BC4CA3CD2639AF4E002F5C87 /* FaceRecognition.swift */ = {isa = PBXFileReference; lastKnownFileType = sourcecode.swift; path = FaceRecognition.swift; sourceTree = "<group>"; };
		BC70A5EA2638FD72003624FE /* WaveFormView.swift */ = {isa = PBXFileReference; lastKnownFileType = sourcecode.swift; path = WaveFormView.swift; sourceTree = "<group>"; };
		BC9442F0263A678000D08FF0 /* MainInitialize.swift */ = {isa = PBXFileReference; lastKnownFileType = sourcecode.swift; path = MainInitialize.swift; sourceTree = "<group>"; };
		BCAA01CF2637B7C900A83C22 /* EmotionModel.mlmodel */ = {isa = PBXFileReference; lastKnownFileType = file.mlmodel; path = EmotionModel.mlmodel; sourceTree = "<group>"; };
		BCDBD7222637A58100072DB5 /* Aika.app */ = {isa = PBXFileReference; explicitFileType = wrapper.application; includeInIndex = 0; path = Aika.app; sourceTree = BUILT_PRODUCTS_DIR; };
		BCDBD7252637A58100072DB5 /* AppDelegate.swift */ = {isa = PBXFileReference; lastKnownFileType = sourcecode.swift; path = AppDelegate.swift; sourceTree = "<group>"; };
		BCDBD7272637A58100072DB5 /* SceneDelegate.swift */ = {isa = PBXFileReference; lastKnownFileType = sourcecode.swift; path = SceneDelegate.swift; sourceTree = "<group>"; };
		BCDBD72C2637A58100072DB5 /* Base */ = {isa = PBXFileReference; lastKnownFileType = file.storyboard; name = Base; path = Base.lproj/Main.storyboard; sourceTree = "<group>"; };
		BCDBD72E2637A58200072DB5 /* Assets.xcassets */ = {isa = PBXFileReference; lastKnownFileType = folder.assetcatalog; path = Assets.xcassets; sourceTree = "<group>"; };
		BCDBD7312637A58200072DB5 /* Base */ = {isa = PBXFileReference; lastKnownFileType = file.storyboard; name = Base; path = Base.lproj/LaunchScreen.storyboard; sourceTree = "<group>"; };
		BCDBD7332637A58200072DB5 /* Info.plist */ = {isa = PBXFileReference; lastKnownFileType = text.plist.xml; path = Info.plist; sourceTree = "<group>"; };
		BCE711CC263A526C00DCEA75 /* UIButton+Extension.swift */ = {isa = PBXFileReference; lastKnownFileType = sourcecode.swift; path = "UIButton+Extension.swift"; sourceTree = "<group>"; };
/* End PBXFileReference section */

/* Begin PBXFrameworksBuildPhase section */
		BCDBD71F2637A58100072DB5 /* Frameworks */ = {
			isa = PBXFrameworksBuildPhase;
			buildActionMask = 2147483647;
			files = (
			);
			runOnlyForDeploymentPostprocessing = 0;
		};
/* End PBXFrameworksBuildPhase section */

/* Begin PBXGroup section */
		BC0AD53A263D2D3A0063E2B6 /* Models */ = {
			isa = PBXGroup;
			children = (
				BC0AD53B263D2D430063E2B6 /* Expression.swift */,
			);
			path = Models;
			sourceTree = "<group>";
		};
		BC0AD542263D2E300063E2B6 /* Helpers */ = {
			isa = PBXGroup;
			children = (
				BC0AD543263D2E3A0063E2B6 /* Constants.swift */,
			);
			path = Helpers;
			sourceTree = "<group>";
		};
		BC4CA3D12639AF65002F5C87 /* Utilites */ = {
			isa = PBXGroup;
			children = (
				BC4CA3C22639A2E3002F5C87 /* BubbleShape.swift */,
				BCE711CC263A526C00DCEA75 /* UIButton+Extension.swift */,
				BC70A5EA2638FD72003624FE /* WaveFormView.swift */,
			);
			path = Utilites;
			sourceTree = "<group>";
		};
		BC9442EF263A677900D08FF0 /* Main */ = {
			isa = PBXGroup;
			children = (
				BC4CA3C92639AF44002F5C87 /* SpeechRecognition.swift */,
				BC4CA3CD2639AF4E002F5C87 /* FaceRecognition.swift */,
				BC9442F0263A678000D08FF0 /* MainInitialize.swift */,
				BC4CA3C62639AF1D002F5C87 /* MainControl.swift */,
				BC3048AC263DC12000B9B31C /* MainTimer.swift */,
				BC0AD53E263D2D9C0063E2B6 /* MainViewControl.swift */,
			);
			path = Main;
			sourceTree = "<group>";
		};
		BCDBD7192637A58100072DB5 = {
			isa = PBXGroup;
			children = (
				BCDBD7242637A58100072DB5 /* Aika */,
				BCDBD7232637A58100072DB5 /* Products */,
			);
			sourceTree = "<group>";
		};
		BCDBD7232637A58100072DB5 /* Products */ = {
			isa = PBXGroup;
			children = (
				BCDBD7222637A58100072DB5 /* Aika.app */,
			);
			name = Products;
			sourceTree = "<group>";
		};
		BCDBD7242637A58100072DB5 /* Aika */ = {
			isa = PBXGroup;
			children = (
				BC0AD542263D2E300063E2B6 /* Helpers */,
				BCE8CAC7263A4DC500BC2368 /* App */,
				BCE8CAC8263A4DD100BC2368 /* Controller */,
				BCE8CAC6263A4DB300BC2368 /* Resources */,
				BC4CA3D12639AF65002F5C87 /* Utilites */,
				BCDBD7332637A58200072DB5 /* Info.plist */,
			);
			path = Aika;
			sourceTree = "<group>";
		};
		BCE8CAC6263A4DB300BC2368 /* Resources */ = {
			isa = PBXGroup;
			children = (
				BCAA01CF2637B7C900A83C22 /* EmotionModel.mlmodel */,
				BCDBD72B2637A58100072DB5 /* Main.storyboard */,
				BCDBD72E2637A58200072DB5 /* Assets.xcassets */,
				BCDBD7302637A58200072DB5 /* LaunchScreen.storyboard */,
			);
			path = Resources;
			sourceTree = "<group>";
		};
		BCE8CAC7263A4DC500BC2368 /* App */ = {
			isa = PBXGroup;
			children = (
				BCDBD7252637A58100072DB5 /* AppDelegate.swift */,
				BCDBD7272637A58100072DB5 /* SceneDelegate.swift */,
			);
			path = App;
			sourceTree = "<group>";
		};
		BCE8CAC8263A4DD100BC2368 /* Controller */ = {
			isa = PBXGroup;
			children = (
				BC0AD53A263D2D3A0063E2B6 /* Models */,
				BC9442EF263A677900D08FF0 /* Main */,
				BC0AD532263D1C3E0063E2B6 /* InstructionViewController.swift */,
				BC3048A7263DBFCD00B9B31C /* SettingViewController.swift */,
				BC21704E263A5CEC00651C64 /* ResultViewController.swift */,
			);
			path = Controller;
			sourceTree = "<group>";
		};
/* End PBXGroup section */

/* Begin PBXNativeTarget section */
		BCDBD7212637A58100072DB5 /* Aika */ = {
			isa = PBXNativeTarget;
			buildConfigurationList = BCDBD7362637A58200072DB5 /* Build configuration list for PBXNativeTarget "Aika" */;
			buildPhases = (
				BCDBD71E2637A58100072DB5 /* Sources */,
				BCDBD71F2637A58100072DB5 /* Frameworks */,
				BCDBD7202637A58100072DB5 /* Resources */,
			);
			buildRules = (
			);
			dependencies = (
			);
			name = Aika;
			productName = Aika;
			productReference = BCDBD7222637A58100072DB5 /* Aika.app */;
			productType = "com.apple.product-type.application";
		};
/* End PBXNativeTarget section */

/* Begin PBXProject section */
		BCDBD71A2637A58100072DB5 /* Project object */ = {
			isa = PBXProject;
			attributes = {
				LastSwiftUpdateCheck = 1240;
				LastUpgradeCheck = 1240;
				TargetAttributes = {
					BCDBD7212637A58100072DB5 = {
						CreatedOnToolsVersion = 12.4;
					};
				};
			};
			buildConfigurationList = BCDBD71D2637A58100072DB5 /* Build configuration list for PBXProject "Aika" */;
			compatibilityVersion = "Xcode 9.3";
			developmentRegion = en;
			hasScannedForEncodings = 0;
			knownRegions = (
				en,
				Base,
			);
			mainGroup = BCDBD7192637A58100072DB5;
			productRefGroup = BCDBD7232637A58100072DB5 /* Products */;
			projectDirPath = "";
			projectRoot = "";
			targets = (
				BCDBD7212637A58100072DB5 /* Aika */,
			);
		};
/* End PBXProject section */

/* Begin PBXResourcesBuildPhase section */
		BCDBD7202637A58100072DB5 /* Resources */ = {
			isa = PBXResourcesBuildPhase;
			buildActionMask = 2147483647;
			files = (
				BCDBD7322637A58200072DB5 /* LaunchScreen.storyboard in Resources */,
				BCDBD72F2637A58200072DB5 /* Assets.xcassets in Resources */,
				BCDBD72D2637A58100072DB5 /* Main.storyboard in Resources */,
			);
			runOnlyForDeploymentPostprocessing = 0;
		};
/* End PBXResourcesBuildPhase section */

/* Begin PBXSourcesBuildPhase section */
		BCDBD71E2637A58100072DB5 /* Sources */ = {
			isa = PBXSourcesBuildPhase;
			buildActionMask = 2147483647;
			files = (
				BC21704F263A5CEC00651C64 /* ResultViewController.swift in Sources */,
				BC3048AD263DC12000B9B31C /* MainTimer.swift in Sources */,
				BC70A5EB2638FD72003624FE /* WaveFormView.swift in Sources */,
				BC3048A8263DBFCD00B9B31C /* SettingViewController.swift in Sources */,
				BCDBD7262637A58100072DB5 /* AppDelegate.swift in Sources */,
				BC4CA3CA2639AF44002F5C87 /* SpeechRecognition.swift in Sources */,
				BCAA01D02637B7C900A83C22 /* EmotionModel.mlmodel in Sources */,
				BC0AD53C263D2D430063E2B6 /* Expression.swift in Sources */,
				BC9442F1263A678000D08FF0 /* MainInitialize.swift in Sources */,
				BC0AD544263D2E3A0063E2B6 /* Constants.swift in Sources */,
				BCE711CD263A526C00DCEA75 /* UIButton+Extension.swift in Sources */,
				BC0AD533263D1C3E0063E2B6 /* InstructionViewController.swift in Sources */,
				BC0AD53F263D2D9C0063E2B6 /* MainViewControl.swift in Sources */,
				BC4CA3C72639AF1D002F5C87 /* MainControl.swift in Sources */,
				BC4CA3C32639A2E3002F5C87 /* BubbleShape.swift in Sources */,
				BCDBD7282637A58100072DB5 /* SceneDelegate.swift in Sources */,
				BC4CA3CE2639AF4E002F5C87 /* FaceRecognition.swift in Sources */,
			);
			runOnlyForDeploymentPostprocessing = 0;
		};
/* End PBXSourcesBuildPhase section */

/* Begin PBXVariantGroup section */
		BCDBD72B2637A58100072DB5 /* Main.storyboard */ = {
			isa = PBXVariantGroup;
			children = (
				BCDBD72C2637A58100072DB5 /* Base */,
			);
			name = Main.storyboard;
			sourceTree = "<group>";
		};
		BCDBD7302637A58200072DB5 /* LaunchScreen.storyboard */ = {
			isa = PBXVariantGroup;
			children = (
				BCDBD7312637A58200072DB5 /* Base */,
			);
			name = LaunchScreen.storyboard;
			sourceTree = "<group>";
		};
/* End PBXVariantGroup section */

/* Begin XCBuildConfiguration section */
		BCDBD7342637A58200072DB5 /* Debug */ = {
			isa = XCBuildConfiguration;
			buildSettings = {
				ALWAYS_SEARCH_USER_PATHS = NO;
				CLANG_ANALYZER_NONNULL = YES;
				CLANG_ANALYZER_NUMBER_OBJECT_CONVERSION = YES_AGGRESSIVE;
				CLANG_CXX_LANGUAGE_STANDARD = "gnu++14";
				CLANG_CXX_LIBRARY = "libc++";
				CLANG_ENABLE_MODULES = YES;
				CLANG_ENABLE_OBJC_ARC = YES;
				CLANG_ENABLE_OBJC_WEAK = YES;
				CLANG_WARN_BLOCK_CAPTURE_AUTORELEASING = YES;
				CLANG_WARN_BOOL_CONVERSION = YES;
				CLANG_WARN_COMMA = YES;
				CLANG_WARN_CONSTANT_CONVERSION = YES;
				CLANG_WARN_DEPRECATED_OBJC_IMPLEMENTATIONS = YES;
				CLANG_WARN_DIRECT_OBJC_ISA_USAGE = YES_ERROR;
				CLANG_WARN_DOCUMENTATION_COMMENTS = YES;
				CLANG_WARN_EMPTY_BODY = YES;
				CLANG_WARN_ENUM_CONVERSION = YES;
				CLANG_WARN_INFINITE_RECURSION = YES;
				CLANG_WARN_INT_CONVERSION = YES;
				CLANG_WARN_NON_LITERAL_NULL_CONVERSION = YES;
				CLANG_WARN_OBJC_IMPLICIT_RETAIN_SELF = YES;
				CLANG_WARN_OBJC_LITERAL_CONVERSION = YES;
				CLANG_WARN_OBJC_ROOT_CLASS = YES_ERROR;
				CLANG_WARN_QUOTED_INCLUDE_IN_FRAMEWORK_HEADER = YES;
				CLANG_WARN_RANGE_LOOP_ANALYSIS = YES;
				CLANG_WARN_STRICT_PROTOTYPES = YES;
				CLANG_WARN_SUSPICIOUS_MOVE = YES;
				CLANG_WARN_UNGUARDED_AVAILABILITY = YES_AGGRESSIVE;
				CLANG_WARN_UNREACHABLE_CODE = YES;
				CLANG_WARN__DUPLICATE_METHOD_MATCH = YES;
				COPY_PHASE_STRIP = NO;
				DEBUG_INFORMATION_FORMAT = dwarf;
				ENABLE_STRICT_OBJC_MSGSEND = YES;
				ENABLE_TESTABILITY = YES;
				GCC_C_LANGUAGE_STANDARD = gnu11;
				GCC_DYNAMIC_NO_PIC = NO;
				GCC_NO_COMMON_BLOCKS = YES;
				GCC_OPTIMIZATION_LEVEL = 0;
				GCC_PREPROCESSOR_DEFINITIONS = (
					"DEBUG=1",
					"$(inherited)",
				);
				GCC_WARN_64_TO_32_BIT_CONVERSION = YES;
				GCC_WARN_ABOUT_RETURN_TYPE = YES_ERROR;
				GCC_WARN_UNDECLARED_SELECTOR = YES;
				GCC_WARN_UNINITIALIZED_AUTOS = YES_AGGRESSIVE;
				GCC_WARN_UNUSED_FUNCTION = YES;
				GCC_WARN_UNUSED_VARIABLE = YES;
				IPHONEOS_DEPLOYMENT_TARGET = 14.4;
				MTL_ENABLE_DEBUG_INFO = INCLUDE_SOURCE;
				MTL_FAST_MATH = YES;
				ONLY_ACTIVE_ARCH = YES;
				SDKROOT = iphoneos;
				SWIFT_ACTIVE_COMPILATION_CONDITIONS = DEBUG;
				SWIFT_OPTIMIZATION_LEVEL = "-Onone";
			};
			name = Debug;
		};
		BCDBD7352637A58200072DB5 /* Release */ = {
			isa = XCBuildConfiguration;
			buildSettings = {
				ALWAYS_SEARCH_USER_PATHS = NO;
				CLANG_ANALYZER_NONNULL = YES;
				CLANG_ANALYZER_NUMBER_OBJECT_CONVERSION = YES_AGGRESSIVE;
				CLANG_CXX_LANGUAGE_STANDARD = "gnu++14";
				CLANG_CXX_LIBRARY = "libc++";
				CLANG_ENABLE_MODULES = YES;
				CLANG_ENABLE_OBJC_ARC = YES;
				CLANG_ENABLE_OBJC_WEAK = YES;
				CLANG_WARN_BLOCK_CAPTURE_AUTORELEASING = YES;
				CLANG_WARN_BOOL_CONVERSION = YES;
				CLANG_WARN_COMMA = YES;
				CLANG_WARN_CONSTANT_CONVERSION = YES;
				CLANG_WARN_DEPRECATED_OBJC_IMPLEMENTATIONS = YES;
				CLANG_WARN_DIRECT_OBJC_ISA_USAGE = YES_ERROR;
				CLANG_WARN_DOCUMENTATION_COMMENTS = YES;
				CLANG_WARN_EMPTY_BODY = YES;
				CLANG_WARN_ENUM_CONVERSION = YES;
				CLANG_WARN_INFINITE_RECURSION = YES;
				CLANG_WARN_INT_CONVERSION = YES;
				CLANG_WARN_NON_LITERAL_NULL_CONVERSION = YES;
				CLANG_WARN_OBJC_IMPLICIT_RETAIN_SELF = YES;
				CLANG_WARN_OBJC_LITERAL_CONVERSION = YES;
				CLANG_WARN_OBJC_ROOT_CLASS = YES_ERROR;
				CLANG_WARN_QUOTED_INCLUDE_IN_FRAMEWORK_HEADER = YES;
				CLANG_WARN_RANGE_LOOP_ANALYSIS = YES;
				CLANG_WARN_STRICT_PROTOTYPES = YES;
				CLANG_WARN_SUSPICIOUS_MOVE = YES;
				CLANG_WARN_UNGUARDED_AVAILABILITY = YES_AGGRESSIVE;
				CLANG_WARN_UNREACHABLE_CODE = YES;
				CLANG_WARN__DUPLICATE_METHOD_MATCH = YES;
				COPY_PHASE_STRIP = NO;
				DEBUG_INFORMATION_FORMAT = "dwarf-with-dsym";
				ENABLE_NS_ASSERTIONS = NO;
				ENABLE_STRICT_OBJC_MSGSEND = YES;
				GCC_C_LANGUAGE_STANDARD = gnu11;
				GCC_NO_COMMON_BLOCKS = YES;
				GCC_WARN_64_TO_32_BIT_CONVERSION = YES;
				GCC_WARN_ABOUT_RETURN_TYPE = YES_ERROR;
				GCC_WARN_UNDECLARED_SELECTOR = YES;
				GCC_WARN_UNINITIALIZED_AUTOS = YES_AGGRESSIVE;
				GCC_WARN_UNUSED_FUNCTION = YES;
				GCC_WARN_UNUSED_VARIABLE = YES;
				IPHONEOS_DEPLOYMENT_TARGET = 14.4;
				MTL_ENABLE_DEBUG_INFO = NO;
				MTL_FAST_MATH = YES;
				SDKROOT = iphoneos;
				SWIFT_COMPILATION_MODE = wholemodule;
				SWIFT_OPTIMIZATION_LEVEL = "-O";
				VALIDATE_PRODUCT = YES;
			};
			name = Release;
		};
		BCDBD7372637A58200072DB5 /* Debug */ = {
			isa = XCBuildConfiguration;
			buildSettings = {
				ASSETCATALOG_COMPILER_APPICON_NAME = AppIcon;
				ASSETCATALOG_COMPILER_GLOBAL_ACCENT_COLOR_NAME = AccentColor;
				CODE_SIGN_STYLE = Automatic;
				DEVELOPMENT_TEAM = YU42ADAZ46;
				INFOPLIST_FILE = Aika/Info.plist;
				LD_RUNPATH_SEARCH_PATHS = (
					"$(inherited)",
					"@executable_path/Frameworks",
				);
				PRODUCT_BUNDLE_IDENTIFIER = co.kyald.Aikas;
				PRODUCT_NAME = "$(TARGET_NAME)";
				SWIFT_VERSION = 5.0;
				TARGETED_DEVICE_FAMILY = "1,2";
			};
			name = Debug;
		};
		BCDBD7382637A58200072DB5 /* Release */ = {
			isa = XCBuildConfiguration;
			buildSettings = {
				ASSETCATALOG_COMPILER_APPICON_NAME = AppIcon;
				ASSETCATALOG_COMPILER_GLOBAL_ACCENT_COLOR_NAME = AccentColor;
				CODE_SIGN_STYLE = Automatic;
				DEVELOPMENT_TEAM = YU42ADAZ46;
				INFOPLIST_FILE = Aika/Info.plist;
				LD_RUNPATH_SEARCH_PATHS = (
					"$(inherited)",
					"@executable_path/Frameworks",
				);
				PRODUCT_BUNDLE_IDENTIFIER = co.kyald.Aikas;
				PRODUCT_NAME = "$(TARGET_NAME)";
				SWIFT_VERSION = 5.0;
				TARGETED_DEVICE_FAMILY = "1,2";
			};
			name = Release;
		};
/* End XCBuildConfiguration section */

/* Begin XCConfigurationList section */
		BCDBD71D2637A58100072DB5 /* Build configuration list for PBXProject "Aika" */ = {
			isa = XCConfigurationList;
			buildConfigurations = (
				BCDBD7342637A58200072DB5 /* Debug */,
				BCDBD7352637A58200072DB5 /* Release */,
			);
			defaultConfigurationIsVisible = 0;
			defaultConfigurationName = Release;
		};
		BCDBD7362637A58200072DB5 /* Build configuration list for PBXNativeTarget "Aika" */ = {
			isa = XCConfigurationList;
			buildConfigurations = (
				BCDBD7372637A58200072DB5 /* Debug */,
				BCDBD7382637A58200072DB5 /* Release */,
			);
			defaultConfigurationIsVisible = 0;
			defaultConfigurationName = Release;
		};
/* End XCConfigurationList section */
	};
	rootObject = BCDBD71A2637A58100072DB5 /* Project object */;
}
